
Microsoft Visual Studio Solution File, Format Version 12.00
# Visual Studio Version 17
VisualStudioVersion = 17.10.35027.167
MinimumVisualStudioVersion = 10.0.40219.1
Project("{FAE04EC0-301F-11D3-BF4B-00C04F79EFBC}") = "archivosExcel", "archivosExcel\archivosExcel.csproj", "{8D13F2B8-0729-472E-8F1A-C79557E74DC0}"
EndProject
Project("{2150E333-8FDC-42A3-9474-1A3956D46DE8}") = "Solution Items", "Solution Items", "{D998BC98-E5F8-4C4B-AD9F-AF7FC121B88F}"
EndProject
Global
	GlobalSection(SolutionConfigurationPlatforms) = preSolution
		Debug|Any CPU = Debug|Any CPU
		Release|Any CPU = Release|Any CPU
	EndGlobalSection
	GlobalSection(ProjectConfigurationPlatforms) = postSolution
		{8D13F2B8-0729-472E-8F1A-C79557E74DC0}.Debug|Any CPU.ActiveCfg = Debug|Any CPU
		{8D13F2B8-0729-472E-8F1A-C79557E74DC0}.Debug|Any CPU.Build.0 = Debug|Any CPU
		{8D13F2B8-0729-472E-8F1A-C79557E74DC0}.Release|Any CPU.ActiveCfg = Release|Any CPU
		{8D13F2B8-0729-472E-8F1A-C79557E74DC0}.Release|Any CPU.Build.0 = Release|Any CPU
	EndGlobalSection
	GlobalSection(SolutionProperties) = preSolution
		HideSolutionNode = FALSE
	EndGlobalSection
	GlobalSection(ExtensibilityGlobals) = postSolution
		SolutionGuid = {FBA3F40A-8EB6-410E-8798-713BA4C2283C}
	EndGlobalSection
EndGlobal
